
Microsoft Visual Studio Solution File, Format Version 12.00
# Visual Studio Version 17
VisualStudioVersion = 17.5.002.0
MinimumVisualStudioVersion = 10.0.40219.1
Project("{9A19103F-16F7-4668-BE54-9A1E7A4F7556}") = "urok1", "urok1\urok1.csproj", "{0D65F72B-7EA5-4CB4-8222-4D2B7E8F08C0}"
EndProject
Global
	GlobalSection(SolutionConfigurationPlatforms) = preSolution
		Debug|Any CPU = Debug|Any CPU
		Release|Any CPU = Release|Any CPU
	EndGlobalSection
	GlobalSection(ProjectConfigurationPlatforms) = postSolution
		{0D65F72B-7EA5-4CB4-8222-4D2B7E8F08C0}.Debug|Any CPU.ActiveCfg = Debug|Any CPU
		{0D65F72B-7EA5-4CB4-8222-4D2B7E8F08C0}.Debug|Any CPU.Build.0 = Debug|Any CPU
		{0D65F72B-7EA5-4CB4-8222-4D2B7E8F08C0}.Release|Any CPU.ActiveCfg = Release|Any CPU
		{0D65F72B-7EA5-4CB4-8222-4D2B7E8F08C0}.Release|Any CPU.Build.0 = Release|Any CPU
	EndGlobalSection
	GlobalSection(SolutionProperties) = preSolution
		HideSolutionNode = FALSE
	EndGlobalSection
	GlobalSection(ExtensibilityGlobals) = postSolution
		SolutionGuid = {EC02E5BE-729A-4DC6-99D2-AC997D6CB5D2}
	EndGlobalSection
EndGlobal
